{
  "name": "bogbook",
  "version": "1.2.0",
  "lockfileVersion": 1,
  "requires": true,
  "dependencies": {
    "is-wsl": {
      "version": "1.1.0",
      "resolved": "https://registry.npmjs.org/is-wsl/-/is-wsl-1.1.0.tgz",
      "integrity": "sha1-HxbkqiKwTRM2tmGIpmrzxgDDpm0="
    },
    "open": {
      "version": "6.2.0",
      "resolved": "https://registry.npmjs.org/open/-/open-6.2.0.tgz",
      "integrity": "sha512-Vxf6HJkwrqmvh9UAID3MnMYXntbTxKLOSfOnO7LJdzPf3NE3KQYFNV0/Lcz2VAndbRFil58XVCyh8tiX11fiYw==",
      "requires": {
        "is-wsl": "^1.1.0"
      }
    }
  }
}
